// !$*UTF8*$!
{
	archiveVersion = 1;
	classes = {
	};
	objectVersion = 54;
	objects = {

/* Begin PBXBuildFile section */
		0476068C7AE8148858867E65 /* Pods_Journey.framework in Frameworks */ = {isa = PBXBuildFile; fileRef = 9DAC4B8168D442A39A098439 /* Pods_Journey.framework */; };
		56026137269AC7590079F1D9 /* FindPassword.storyboard in Resources */ = {isa = PBXBuildFile; fileRef = 56026136269AC7590079F1D9 /* FindPassword.storyboard */; };
		56026139269AC7690079F1D9 /* FindPasswordViewController.swift in Sources */ = {isa = PBXBuildFile; fileRef = 56026138269AC7690079F1D9 /* FindPasswordViewController.swift */; };
		564D5D8C26942F260056E468 /* URL.swift in Sources */ = {isa = PBXBuildFile; fileRef = 564D5D8B26942F260056E468 /* URL.swift */; };
		564D5D8E2694454A0056E468 /* Medal.storyboard in Resources */ = {isa = PBXBuildFile; fileRef = 564D5D8D2694454A0056E468 /* Medal.storyboard */; };
		564D5D90269446760056E468 /* MedalViewController.swift in Sources */ = {isa = PBXBuildFile; fileRef = 564D5D8F269446760056E468 /* MedalViewController.swift */; };
		5667D4C9269ACB910071D7AD /* NewPassword.storyboard in Resources */ = {isa = PBXBuildFile; fileRef = 5667D4C8269ACB910071D7AD /* NewPassword.storyboard */; };
		5667D4CB269ACBA70071D7AD /* CodeViewController.swift in Sources */ = {isa = PBXBuildFile; fileRef = 5667D4CA269ACBA70071D7AD /* CodeViewController.swift */; };
		5667D4CD269AD1370071D7AD /* Code.storyboard in Resources */ = {isa = PBXBuildFile; fileRef = 5667D4CC269AD1370071D7AD /* Code.storyboard */; };
		5667D4CF269AD1620071D7AD /* NewPasswordViewController.swift in Sources */ = {isa = PBXBuildFile; fileRef = 5667D4CE269AD1620071D7AD /* NewPasswordViewController.swift */; };
		5667D4D2269AE3650071D7AD /* CourseService.swift in Sources */ = {isa = PBXBuildFile; fileRef = 5667D4D1269AE3650071D7AD /* CourseService.swift */; };
		5667D4D4269AF7310071D7AD /* CourseAPI.swift in Sources */ = {isa = PBXBuildFile; fileRef = 5667D4D3269AF7310071D7AD /* CourseAPI.swift */; };
		5667D4D8269B0EB30071D7AD /* ViewModelState.swift in Sources */ = {isa = PBXBuildFile; fileRef = 5667D4D7269B0EB30071D7AD /* ViewModelState.swift */; };
		5667D4DB269B41520071D7AD /* ChallengeAPI.swift in Sources */ = {isa = PBXBuildFile; fileRef = 5667D4D9269B41520071D7AD /* ChallengeAPI.swift */; };
		5667D4DC269B41520071D7AD /* ChallengeService.swift in Sources */ = {isa = PBXBuildFile; fileRef = 5667D4DA269B41520071D7AD /* ChallengeService.swift */; };
		5667D4DE269B624C0071D7AD /* Medal.swift in Sources */ = {isa = PBXBuildFile; fileRef = 5667D4DD269B624C0071D7AD /* Medal.swift */; };
		568F64C02692DF2C0066B9D1 /* CourseListViewModel.swift in Sources */ = {isa = PBXBuildFile; fileRef = 568F64BF2692DF2C0066B9D1 /* CourseListViewModel.swift */; };
		568F64C22692F9E20066B9D1 /* GoogleService-Info.plist in Resources */ = {isa = PBXBuildFile; fileRef = 568F64C12692F9E20066B9D1 /* GoogleService-Info.plist */; };
		56AADEF42694AE2300131D2C /* MedalCollectionViewCell.swift in Sources */ = {isa = PBXBuildFile; fileRef = 56AADEF22694AE2300131D2C /* MedalCollectionViewCell.swift */; };
		56AADEF52694AE2300131D2C /* MedalCollectionViewCell.xib in Resources */ = {isa = PBXBuildFile; fileRef = 56AADEF32694AE2300131D2C /* MedalCollectionViewCell.xib */; };
		56BF369D269EC947009D8CCC /* UIViewController+Extension.swift in Sources */ = {isa = PBXBuildFile; fileRef = 56BF369C269EC947009D8CCC /* UIViewController+Extension.swift */; };
		56D6EF45269981720011F3FE /* NetworkResult.swift in Sources */ = {isa = PBXBuildFile; fileRef = 56D6EF44269981720011F3FE /* NetworkResult.swift */; };
		56DCAA282689BB9B0056155A /* AppDelegate.swift in Sources */ = {isa = PBXBuildFile; fileRef = 56DCAA272689BB9B0056155A /* AppDelegate.swift */; };
		56DCAA2A2689BB9B0056155A /* SceneDelegate.swift in Sources */ = {isa = PBXBuildFile; fileRef = 56DCAA292689BB9B0056155A /* SceneDelegate.swift */; };
		56DCAA312689BB9E0056155A /* Assets.xcassets in Resources */ = {isa = PBXBuildFile; fileRef = 56DCAA302689BB9E0056155A /* Assets.xcassets */; };
		56DCAA342689BB9E0056155A /* LaunchScreen.storyboard in Resources */ = {isa = PBXBuildFile; fileRef = 56DCAA322689BB9E0056155A /* LaunchScreen.storyboard */; };
		56DCAA4A2689BCD80056155A /* Const.swift in Sources */ = {isa = PBXBuildFile; fileRef = 56DCAA492689BCD80056155A /* Const.swift */; };
		56DCAA4D2689BCFA0056155A /* Storyboard.swift in Sources */ = {isa = PBXBuildFile; fileRef = 56DCAA4C2689BCF90056155A /* Storyboard.swift */; };
		56DCAA4F2689BD110056155A /* ViewController.swift in Sources */ = {isa = PBXBuildFile; fileRef = 56DCAA4E2689BD110056155A /* ViewController.swift */; };
		56DCAA512689BD1E0056155A /* Xib.swift in Sources */ = {isa = PBXBuildFile; fileRef = 56DCAA502689BD1E0056155A /* Xib.swift */; };
		56DCAA532689BD2C0056155A /* Image.swift in Sources */ = {isa = PBXBuildFile; fileRef = 56DCAA522689BD2C0056155A /* Image.swift */; };
		56DCAA552689BD3B0056155A /* Font.swift in Sources */ = {isa = PBXBuildFile; fileRef = 56DCAA542689BD3B0056155A /* Font.swift */; };
		56DCAA592689BD9F0056155A /* LottieExmaple.swift in Sources */ = {isa = PBXBuildFile; fileRef = 56DCAA582689BD9F0056155A /* LottieExmaple.swift */; };
		56DCAA602689BDFF0056155A /* AppModelsExmaple.swift in Sources */ = {isa = PBXBuildFile; fileRef = 56DCAA5F2689BDFF0056155A /* AppModelsExmaple.swift */; };
		56DCAA622689BE080056155A /* UIColor+Extension.swift in Sources */ = {isa = PBXBuildFile; fileRef = 56DCAA612689BE080056155A /* UIColor+Extension.swift */; };
		56DCAA642689BE110056155A /* ProtocolsExmaple.swift in Sources */ = {isa = PBXBuildFile; fileRef = 56DCAA632689BE110056155A /* ProtocolsExmaple.swift */; };
		56DCAA6D2689C0D10056155A /* .swiftlint.yml in Resources */ = {isa = PBXBuildFile; fileRef = 56DCAA6C2689C0D10056155A /* .swiftlint.yml */; };
		56DCAA6F2689DB500056155A /* Colors.xcassets in Resources */ = {isa = PBXBuildFile; fileRef = 56DCAA6E2689DB500056155A /* Colors.xcassets */; };
		56DCAA71268A26F80056155A /* UINavigationController+Extension.swift in Sources */ = {isa = PBXBuildFile; fileRef = 56DCAA70268A26F80056155A /* UINavigationController+Extension.swift */; };
		56DCAA74268ADE040056155A /* Tabbar.storyboard in Resources */ = {isa = PBXBuildFile; fileRef = 56DCAA73268ADE040056155A /* Tabbar.storyboard */; };
		56DCAA78268AE0E40056155A /* TabbarViewController.swift in Sources */ = {isa = PBXBuildFile; fileRef = 56DCAA77268AE0E40056155A /* TabbarViewController.swift */; };
		56DCAA7A268AE1280056155A /* Home.storyboard in Resources */ = {isa = PBXBuildFile; fileRef = 56DCAA79268AE1280056155A /* Home.storyboard */; };
		56DCAA7C268AE1310056155A /* Challenge.storyboard in Resources */ = {isa = PBXBuildFile; fileRef = 56DCAA7B268AE1310056155A /* Challenge.storyboard */; };
		56DCAA7E268AE13B0056155A /* Feed.storyboard in Resources */ = {isa = PBXBuildFile; fileRef = 56DCAA7D268AE13B0056155A /* Feed.storyboard */; };
		56DCAA80268AE1A50056155A /* HomeViewController.swift in Sources */ = {isa = PBXBuildFile; fileRef = 56DCAA7F268AE1A50056155A /* HomeViewController.swift */; };
		56DCAA82268AE1B10056155A /* ChallengeViewController.swift in Sources */ = {isa = PBXBuildFile; fileRef = 56DCAA81268AE1B10056155A /* ChallengeViewController.swift */; };
		56DCAA84268AE1BD0056155A /* FeedViewController.swift in Sources */ = {isa = PBXBuildFile; fileRef = 56DCAA83268AE1BD0056155A /* FeedViewController.swift */; };
		56DCAA8C268AF6E20056155A /* Course.storyboard in Resources */ = {isa = PBXBuildFile; fileRef = 56DCAA8B268AF6E20056155A /* Course.storyboard */; };
		56DCAA8E268AF75E0056155A /* CourseViewController.swift in Sources */ = {isa = PBXBuildFile; fileRef = 56DCAA8D268AF75E0056155A /* CourseViewController.swift */; };
		56DCAA92268AFF3A0056155A /* FirstDayTableViewCell.swift in Sources */ = {isa = PBXBuildFile; fileRef = 56DCAA90268AFF3A0056155A /* FirstDayTableViewCell.swift */; };
		56DCAA93268AFF3A0056155A /* FirstDayTableViewCell.xib in Resources */ = {isa = PBXBuildFile; fileRef = 56DCAA91268AFF3A0056155A /* FirstDayTableViewCell.xib */; };
		56DCAA96268AFF510056155A /* EvenDayTableViewCell.swift in Sources */ = {isa = PBXBuildFile; fileRef = 56DCAA94268AFF510056155A /* EvenDayTableViewCell.swift */; };
		56DCAA97268AFF510056155A /* EvenDayTableViewCell.xib in Resources */ = {isa = PBXBuildFile; fileRef = 56DCAA95268AFF510056155A /* EvenDayTableViewCell.xib */; };
		56DCAA9A268AFF5B0056155A /* OddDayTableViewCell.swift in Sources */ = {isa = PBXBuildFile; fileRef = 56DCAA98268AFF5B0056155A /* OddDayTableViewCell.swift */; };
		56DCAA9B268AFF5B0056155A /* OddDayTableViewCell.xib in Resources */ = {isa = PBXBuildFile; fileRef = 56DCAA99268AFF5B0056155A /* OddDayTableViewCell.xib */; };
		56DCAA9D268B00910056155A /* UIView+Extension.swift in Sources */ = {isa = PBXBuildFile; fileRef = 56DCAA9C268B00910056155A /* UIView+Extension.swift */; };
		56DCAA9F268C51E50056155A /* Challenge.swift in Sources */ = {isa = PBXBuildFile; fileRef = 56DCAA9E268C51E50056155A /* Challenge.swift */; };
		56DCAAA1268C61810056155A /* CourseLibrary.storyboard in Resources */ = {isa = PBXBuildFile; fileRef = 56DCAAA0268C61810056155A /* CourseLibrary.storyboard */; };
		56DCAAA3268C61A40056155A /* CourseLibraryViewController.swift in Sources */ = {isa = PBXBuildFile; fileRef = 56DCAAA2268C61A40056155A /* CourseLibraryViewController.swift */; };
		56DCAAAF268C6D690056155A /* UndoneCourseCollectionViewCell.swift in Sources */ = {isa = PBXBuildFile; fileRef = 56DCAAAD268C6D690056155A /* UndoneCourseCollectionViewCell.swift */; };
		56DCAAB0268C6D690056155A /* UndoneCourseCollectionViewCell.xib in Resources */ = {isa = PBXBuildFile; fileRef = 56DCAAAE268C6D690056155A /* UndoneCourseCollectionViewCell.xib */; };
		56DCAAB3268C6D760056155A /* DoneCourseCollectionViewCell.swift in Sources */ = {isa = PBXBuildFile; fileRef = 56DCAAB1268C6D760056155A /* DoneCourseCollectionViewCell.swift */; };
		56DCAAB4268C6D760056155A /* DoneCourseCollectionViewCell.xib in Resources */ = {isa = PBXBuildFile; fileRef = 56DCAAB2268C6D760056155A /* DoneCourseCollectionViewCell.xib */; };
		56DCAAB6268C6F5D0056155A /* Course.swift in Sources */ = {isa = PBXBuildFile; fileRef = 56DCAAB5268C6F5D0056155A /* Course.swift */; };
		56DCAAB9268CA02A0056155A /* Login.storyboard in Resources */ = {isa = PBXBuildFile; fileRef = 56DCAAB8268CA02A0056155A /* Login.storyboard */; };
		56DCAABC268CA0FA0056155A /* LoginViewController.swift in Sources */ = {isa = PBXBuildFile; fileRef = 56DCAABB268CA0FA0056155A /* LoginViewController.swift */; };
		56EAF7512694AF2E00D36105 /* MedalCollectionReusableView.swift in Sources */ = {isa = PBXBuildFile; fileRef = 56EAF74F2694AF2E00D36105 /* MedalCollectionReusableView.swift */; };
		56EAF7522694AF2E00D36105 /* MedalCollectionReusableView.xib in Resources */ = {isa = PBXBuildFile; fileRef = 56EAF7502694AF2E00D36105 /* MedalCollectionReusableView.xib */; };
		56EAF7592694BDD300D36105 /* PopUpViewController.swift in Sources */ = {isa = PBXBuildFile; fileRef = 56EAF7572694BDD300D36105 /* PopUpViewController.swift */; };
		56EAF75A2694BDD300D36105 /* PopUpViewController.xib in Resources */ = {isa = PBXBuildFile; fileRef = 56EAF7582694BDD300D36105 /* PopUpViewController.xib */; };
		56EAF75F26955B5300D36105 /* Auth.swift in Sources */ = {isa = PBXBuildFile; fileRef = 56EAF75E26955B5300D36105 /* Auth.swift */; };
		56EAF76126955C0300D36105 /* Home.swift in Sources */ = {isa = PBXBuildFile; fileRef = 56EAF76026955C0300D36105 /* Home.swift */; };
		56F13A45269C15300006F9A0 /* PasswordService.swift in Sources */ = {isa = PBXBuildFile; fileRef = 56F13A44269C15300006F9A0 /* PasswordService.swift */; };
		56F13A47269C243D0006F9A0 /* PasswordAPI.swift in Sources */ = {isa = PBXBuildFile; fileRef = 56F13A46269C243D0006F9A0 /* PasswordAPI.swift */; };
		56F13A4E269C6D840006F9A0 /* User.swift in Sources */ = {isa = PBXBuildFile; fileRef = 56F13A4D269C6D840006F9A0 /* User.swift */; };
		56F13A50269C745B0006F9A0 /* BMHANNA_11yrs_otf.otf in Resources */ = {isa = PBXBuildFile; fileRef = 56F13A4F269C745B0006F9A0 /* BMHANNA_11yrs_otf.otf */; };
		56F13A56269C74680006F9A0 /* SpoqaHanSansNeo-Light.otf in Resources */ = {isa = PBXBuildFile; fileRef = 56F13A51269C74660006F9A0 /* SpoqaHanSansNeo-Light.otf */; };
		56F13A57269C74680006F9A0 /* SpoqaHanSansNeo-Thin.otf in Resources */ = {isa = PBXBuildFile; fileRef = 56F13A52269C74670006F9A0 /* SpoqaHanSansNeo-Thin.otf */; };
		56F13A58269C74680006F9A0 /* SpoqaHanSansNeo-Regular.otf in Resources */ = {isa = PBXBuildFile; fileRef = 56F13A53269C74670006F9A0 /* SpoqaHanSansNeo-Regular.otf */; };
		56F13A59269C74680006F9A0 /* SpoqaHanSansNeo-Medium.otf in Resources */ = {isa = PBXBuildFile; fileRef = 56F13A54269C74680006F9A0 /* SpoqaHanSansNeo-Medium.otf */; };
		56F13A5A269C74680006F9A0 /* SpoqaHanSansNeo-Bold.otf in Resources */ = {isa = PBXBuildFile; fileRef = 56F13A55269C74680006F9A0 /* SpoqaHanSansNeo-Bold.otf */; };
		AA1F348E2692FB920011B3FA /* FeedDetail.storyboard in Resources */ = {isa = PBXBuildFile; fileRef = AA1F348D2692FB920011B3FA /* FeedDetail.storyboard */; };
		AA1F34912692FB9E0011B3FA /* FeedDetailViewController.swift in Sources */ = {isa = PBXBuildFile; fileRef = AA1F34902692FB9E0011B3FA /* FeedDetailViewController.swift */; };
		AA1F349726935A890011B3FA /* MyDrawer.storyboard in Resources */ = {isa = PBXBuildFile; fileRef = AA1F349626935A890011B3FA /* MyDrawer.storyboard */; };
		AA1F349A2693688F0011B3FA /* MyDrawerViewController.swift in Sources */ = {isa = PBXBuildFile; fileRef = AA1F34992693688F0011B3FA /* MyDrawerViewController.swift */; };
		AA1F34A9269377F30011B3FA /* DatePickerViewController.swift in Sources */ = {isa = PBXBuildFile; fileRef = AA1F34A7269377F30011B3FA /* DatePickerViewController.swift */; };
		AA1F34AA269377F30011B3FA /* DatePickerViewController.xib in Resources */ = {isa = PBXBuildFile; fileRef = AA1F34A8269377F30011B3FA /* DatePickerViewController.xib */; };
		AA1F34AD26939E260011B3FA /* AppDate.swift in Sources */ = {isa = PBXBuildFile; fileRef = AA1F34AC26939E260011B3FA /* AppDate.swift */; };
		AA1F34B02694B2F20011B3FA /* ModalPresentationController.swift in Sources */ = {isa = PBXBuildFile; fileRef = AA1F34AF2694B2F20011B3FA /* ModalPresentationController.swift */; };
		AA1F34BD26956C400011B3FA /* MyDrawerCollectionReusableView.swift in Sources */ = {isa = PBXBuildFile; fileRef = AA1F34BB26956C400011B3FA /* MyDrawerCollectionReusableView.swift */; };
		AA1F34BE26956C400011B3FA /* MyDrawerCollectionReusableView.xib in Resources */ = {isa = PBXBuildFile; fileRef = AA1F34BC26956C400011B3FA /* MyDrawerCollectionReusableView.xib */; };
		AA1F34C426959BD50011B3FA /* Mood.storyboard in Resources */ = {isa = PBXBuildFile; fileRef = AA1F34C326959BD50011B3FA /* Mood.storyboard */; };
		AA1F34C726959BFC0011B3FA /* MoodViewController.swift in Sources */ = {isa = PBXBuildFile; fileRef = AA1F34C626959BFC0011B3FA /* MoodViewController.swift */; };
		AA1F34E02695D28C0011B3FA /* Writing.storyboard in Resources */ = {isa = PBXBuildFile; fileRef = AA1F34DF2695D28C0011B3FA /* Writing.storyboard */; };
		AA1F34E32695D2BD0011B3FA /* WritingViewController.swift in Sources */ = {isa = PBXBuildFile; fileRef = AA1F34E22695D2BD0011B3FA /* WritingViewController.swift */; };
		AA1F352526976E670011B3FA /* HashTagCollectionViewCell.swift in Sources */ = {isa = PBXBuildFile; fileRef = AA1F352326976E670011B3FA /* HashTagCollectionViewCell.swift */; };
		AA1F352626976E670011B3FA /* HashTagCollectionViewCell.xib in Resources */ = {isa = PBXBuildFile; fileRef = AA1F352426976E670011B3FA /* HashTagCollectionViewCell.xib */; };
		AAD77084269B710E00EC3598 /* CustomIntensityVisualEffectView.swift in Sources */ = {isa = PBXBuildFile; fileRef = AAD77083269B710E00EC3598 /* CustomIntensityVisualEffectView.swift */; };
		AAD7709A269B8B3F00EC3598 /* ContentsCollectionViewCell.swift in Sources */ = {isa = PBXBuildFile; fileRef = AAD77099269B8B3F00EC3598 /* ContentsCollectionViewCell.swift */; };
		AAD770D1269C6F4B00EC3598 /* HomeService.swift in Sources */ = {isa = PBXBuildFile; fileRef = AAD770D0269C6F4B00EC3598 /* HomeService.swift */; };
		AAD770D5269C706B00EC3598 /* HomeAPI.swift in Sources */ = {isa = PBXBuildFile; fileRef = AAD770D4269C706B00EC3598 /* HomeAPI.swift */; };
		AAFD90C7269052E100CF4707 /* FeedHeaderView.swift in Sources */ = {isa = PBXBuildFile; fileRef = AAFD90C6269052E100CF4707 /* FeedHeaderView.swift */; };
		AAFD90CA269052EE00CF4707 /* FeedHeaderView.xib in Resources */ = {isa = PBXBuildFile; fileRef = AAFD90C9269052EE00CF4707 /* FeedHeaderView.xib */; };
		EC0DB03C269A0FBD00DB7980 /* YearPickerViewController.swift in Sources */ = {isa = PBXBuildFile; fileRef = EC0DB03A269A0FBD00DB7980 /* YearPickerViewController.swift */; };
		EC0DB03D269A0FBD00DB7980 /* YearPickerViewController.xib in Resources */ = {isa = PBXBuildFile; fileRef = EC0DB03B269A0FBD00DB7980 /* YearPickerViewController.xib */; };
		EC0DB03F269A3CC200DB7980 /* AppYear.swift in Sources */ = {isa = PBXBuildFile; fileRef = EC0DB03E269A3CC200DB7980 /* AppYear.swift */; };
		EC0DB042269C331700DB7980 /* UIDevice+Extension.swift in Sources */ = {isa = PBXBuildFile; fileRef = EC0DB041269C331700DB7980 /* UIDevice+Extension.swift */; };
		ECB617F926949256005E62B0 /* SignUpFirst.storyboard in Resources */ = {isa = PBXBuildFile; fileRef = ECB617F826949256005E62B0 /* SignUpFirst.storyboard */; };
		ECB617FB2694926E005E62B0 /* SignUpSecond.storyboard in Resources */ = {isa = PBXBuildFile; fileRef = ECB617FA2694926E005E62B0 /* SignUpSecond.storyboard */; };
		ECB617FD2694927A005E62B0 /* SignUpThird.storyboard in Resources */ = {isa = PBXBuildFile; fileRef = ECB617FC2694927A005E62B0 /* SignUpThird.storyboard */; };
		ECB617FF269492A8005E62B0 /* SignUpFirstViewController.swift in Sources */ = {isa = PBXBuildFile; fileRef = ECB617FE269492A8005E62B0 /* SignUpFirstViewController.swift */; };
		ECB61802269492BC005E62B0 /* SignUpSecondViewController.swift in Sources */ = {isa = PBXBuildFile; fileRef = ECB61801269492BC005E62B0 /* SignUpSecondViewController.swift */; };
		ECB61804269492CD005E62B0 /* SignUpThirdViewController.swift in Sources */ = {isa = PBXBuildFile; fileRef = ECB61803269492CD005E62B0 /* SignUpThirdViewController.swift */; };
/* End PBXBuildFile section */

/* Begin PBXFileReference section */
		56026136269AC7590079F1D9 /* FindPassword.storyboard */ = {isa = PBXFileReference; lastKnownFileType = file.storyboard; path = FindPassword.storyboard; sourceTree = "<group>"; };
		56026138269AC7690079F1D9 /* FindPasswordViewController.swift */ = {isa = PBXFileReference; lastKnownFileType = sourcecode.swift; path = FindPasswordViewController.swift; sourceTree = "<group>"; };
		564D5D8B26942F260056E468 /* URL.swift */ = {isa = PBXFileReference; lastKnownFileType = sourcecode.swift; path = URL.swift; sourceTree = "<group>"; };
		564D5D8D2694454A0056E468 /* Medal.storyboard */ = {isa = PBXFileReference; lastKnownFileType = file.storyboard; path = Medal.storyboard; sourceTree = "<group>"; };
		564D5D8F269446760056E468 /* MedalViewController.swift */ = {isa = PBXFileReference; lastKnownFileType = sourcecode.swift; path = MedalViewController.swift; sourceTree = "<group>"; };
		5667D4C8269ACB910071D7AD /* NewPassword.storyboard */ = {isa = PBXFileReference; lastKnownFileType = file.storyboard; path = NewPassword.storyboard; sourceTree = "<group>"; };
		5667D4CA269ACBA70071D7AD /* CodeViewController.swift */ = {isa = PBXFileReference; lastKnownFileType = sourcecode.swift; path = CodeViewController.swift; sourceTree = "<group>"; };
		5667D4CC269AD1370071D7AD /* Code.storyboard */ = {isa = PBXFileReference; lastKnownFileType = file.storyboard; path = Code.storyboard; sourceTree = "<group>"; };
		5667D4CE269AD1620071D7AD /* NewPasswordViewController.swift */ = {isa = PBXFileReference; lastKnownFileType = sourcecode.swift; path = NewPasswordViewController.swift; sourceTree = "<group>"; };
		5667D4D1269AE3650071D7AD /* CourseService.swift */ = {isa = PBXFileReference; lastKnownFileType = sourcecode.swift; path = CourseService.swift; sourceTree = "<group>"; };
		5667D4D3269AF7310071D7AD /* CourseAPI.swift */ = {isa = PBXFileReference; lastKnownFileType = sourcecode.swift; path = CourseAPI.swift; sourceTree = "<group>"; };
		5667D4D7269B0EB30071D7AD /* ViewModelState.swift */ = {isa = PBXFileReference; lastKnownFileType = sourcecode.swift; path = ViewModelState.swift; sourceTree = "<group>"; };
		5667D4D9269B41520071D7AD /* ChallengeAPI.swift */ = {isa = PBXFileReference; fileEncoding = 4; lastKnownFileType = sourcecode.swift; path = ChallengeAPI.swift; sourceTree = "<group>"; };
		5667D4DA269B41520071D7AD /* ChallengeService.swift */ = {isa = PBXFileReference; fileEncoding = 4; lastKnownFileType = sourcecode.swift; path = ChallengeService.swift; sourceTree = "<group>"; };
		5667D4DD269B624C0071D7AD /* Medal.swift */ = {isa = PBXFileReference; lastKnownFileType = sourcecode.swift; path = Medal.swift; sourceTree = "<group>"; };
		568F64BF2692DF2C0066B9D1 /* CourseListViewModel.swift */ = {isa = PBXFileReference; fileEncoding = 4; lastKnownFileType = sourcecode.swift; path = CourseListViewModel.swift; sourceTree = "<group>"; };
		568F64C12692F9E20066B9D1 /* GoogleService-Info.plist */ = {isa = PBXFileReference; fileEncoding = 4; lastKnownFileType = text.plist.xml; path = "GoogleService-Info.plist"; sourceTree = "<group>"; };
		56AADEF22694AE2300131D2C /* MedalCollectionViewCell.swift */ = {isa = PBXFileReference; lastKnownFileType = sourcecode.swift; path = MedalCollectionViewCell.swift; sourceTree = "<group>"; };
		56AADEF32694AE2300131D2C /* MedalCollectionViewCell.xib */ = {isa = PBXFileReference; lastKnownFileType = file.xib; path = MedalCollectionViewCell.xib; sourceTree = "<group>"; };
		56BF369C269EC947009D8CCC /* UIViewController+Extension.swift */ = {isa = PBXFileReference; lastKnownFileType = sourcecode.swift; path = "UIViewController+Extension.swift"; sourceTree = "<group>"; };
		56D6EF44269981720011F3FE /* NetworkResult.swift */ = {isa = PBXFileReference; lastKnownFileType = sourcecode.swift; path = NetworkResult.swift; sourceTree = "<group>"; };
		56DCAA242689BB9B0056155A /* Journey.app */ = {isa = PBXFileReference; explicitFileType = wrapper.application; includeInIndex = 0; path = Journey.app; sourceTree = BUILT_PRODUCTS_DIR; };
		56DCAA272689BB9B0056155A /* AppDelegate.swift */ = {isa = PBXFileReference; lastKnownFileType = sourcecode.swift; path = AppDelegate.swift; sourceTree = "<group>"; };
		56DCAA292689BB9B0056155A /* SceneDelegate.swift */ = {isa = PBXFileReference; lastKnownFileType = sourcecode.swift; path = SceneDelegate.swift; sourceTree = "<group>"; };
		56DCAA302689BB9E0056155A /* Assets.xcassets */ = {isa = PBXFileReference; lastKnownFileType = folder.assetcatalog; path = Assets.xcassets; sourceTree = "<group>"; };
		56DCAA332689BB9E0056155A /* Base */ = {isa = PBXFileReference; lastKnownFileType = file.storyboard; name = Base; path = Base.lproj/LaunchScreen.storyboard; sourceTree = "<group>"; };
		56DCAA352689BB9E0056155A /* Info.plist */ = {isa = PBXFileReference; lastKnownFileType = text.plist.xml; path = Info.plist; sourceTree = "<group>"; };
		56DCAA492689BCD80056155A /* Const.swift */ = {isa = PBXFileReference; lastKnownFileType = sourcecode.swift; path = Const.swift; sourceTree = "<group>"; };
		56DCAA4C2689BCF90056155A /* Storyboard.swift */ = {isa = PBXFileReference; lastKnownFileType = sourcecode.swift; path = Storyboard.swift; sourceTree = "<group>"; };
		56DCAA4E2689BD110056155A /* ViewController.swift */ = {isa = PBXFileReference; lastKnownFileType = sourcecode.swift; path = ViewController.swift; sourceTree = "<group>"; };
		56DCAA502689BD1E0056155A /* Xib.swift */ = {isa = PBXFileReference; lastKnownFileType = sourcecode.swift; path = Xib.swift; sourceTree = "<group>"; };
		56DCAA522689BD2C0056155A /* Image.swift */ = {isa = PBXFileReference; lastKnownFileType = sourcecode.swift; path = Image.swift; sourceTree = "<group>"; };
		56DCAA542689BD3B0056155A /* Font.swift */ = {isa = PBXFileReference; lastKnownFileType = sourcecode.swift; path = Font.swift; sourceTree = "<group>"; };
		56DCAA582689BD9F0056155A /* LottieExmaple.swift */ = {isa = PBXFileReference; lastKnownFileType = sourcecode.swift; path = LottieExmaple.swift; sourceTree = "<group>"; };
		56DCAA5F2689BDFF0056155A /* AppModelsExmaple.swift */ = {isa = PBXFileReference; lastKnownFileType = sourcecode.swift; path = AppModelsExmaple.swift; sourceTree = "<group>"; };
		56DCAA612689BE080056155A /* UIColor+Extension.swift */ = {isa = PBXFileReference; lastKnownFileType = sourcecode.swift; path = "UIColor+Extension.swift"; sourceTree = "<group>"; };
		56DCAA632689BE110056155A /* ProtocolsExmaple.swift */ = {isa = PBXFileReference; lastKnownFileType = sourcecode.swift; path = ProtocolsExmaple.swift; sourceTree = "<group>"; };
		56DCAA6C2689C0D10056155A /* .swiftlint.yml */ = {isa = PBXFileReference; lastKnownFileType = text.yaml; path = .swiftlint.yml; sourceTree = "<group>"; };
		56DCAA6E2689DB500056155A /* Colors.xcassets */ = {isa = PBXFileReference; lastKnownFileType = folder.assetcatalog; path = Colors.xcassets; sourceTree = "<group>"; };
		56DCAA70268A26F80056155A /* UINavigationController+Extension.swift */ = {isa = PBXFileReference; lastKnownFileType = sourcecode.swift; path = "UINavigationController+Extension.swift"; sourceTree = "<group>"; };
		56DCAA73268ADE040056155A /* Tabbar.storyboard */ = {isa = PBXFileReference; lastKnownFileType = file.storyboard; path = Tabbar.storyboard; sourceTree = "<group>"; };
		56DCAA77268AE0E40056155A /* TabbarViewController.swift */ = {isa = PBXFileReference; lastKnownFileType = sourcecode.swift; path = TabbarViewController.swift; sourceTree = "<group>"; };
		56DCAA79268AE1280056155A /* Home.storyboard */ = {isa = PBXFileReference; lastKnownFileType = file.storyboard; path = Home.storyboard; sourceTree = "<group>"; };
		56DCAA7B268AE1310056155A /* Challenge.storyboard */ = {isa = PBXFileReference; lastKnownFileType = file.storyboard; path = Challenge.storyboard; sourceTree = "<group>"; };
		56DCAA7D268AE13B0056155A /* Feed.storyboard */ = {isa = PBXFileReference; lastKnownFileType = file.storyboard; path = Feed.storyboard; sourceTree = "<group>"; };
		56DCAA7F268AE1A50056155A /* HomeViewController.swift */ = {isa = PBXFileReference; lastKnownFileType = sourcecode.swift; path = HomeViewController.swift; sourceTree = "<group>"; };
		56DCAA81268AE1B10056155A /* ChallengeViewController.swift */ = {isa = PBXFileReference; lastKnownFileType = sourcecode.swift; path = ChallengeViewController.swift; sourceTree = "<group>"; };
		56DCAA83268AE1BD0056155A /* FeedViewController.swift */ = {isa = PBXFileReference; lastKnownFileType = sourcecode.swift; path = FeedViewController.swift; sourceTree = "<group>"; };
		56DCAA8B268AF6E20056155A /* Course.storyboard */ = {isa = PBXFileReference; lastKnownFileType = file.storyboard; path = Course.storyboard; sourceTree = "<group>"; };
		56DCAA8D268AF75E0056155A /* CourseViewController.swift */ = {isa = PBXFileReference; lastKnownFileType = sourcecode.swift; path = CourseViewController.swift; sourceTree = "<group>"; };
		56DCAA90268AFF3A0056155A /* FirstDayTableViewCell.swift */ = {isa = PBXFileReference; lastKnownFileType = sourcecode.swift; path = FirstDayTableViewCell.swift; sourceTree = "<group>"; };
		56DCAA91268AFF3A0056155A /* FirstDayTableViewCell.xib */ = {isa = PBXFileReference; lastKnownFileType = file.xib; path = FirstDayTableViewCell.xib; sourceTree = "<group>"; };
		56DCAA94268AFF510056155A /* EvenDayTableViewCell.swift */ = {isa = PBXFileReference; lastKnownFileType = sourcecode.swift; path = EvenDayTableViewCell.swift; sourceTree = "<group>"; };
		56DCAA95268AFF510056155A /* EvenDayTableViewCell.xib */ = {isa = PBXFileReference; lastKnownFileType = file.xib; path = EvenDayTableViewCell.xib; sourceTree = "<group>"; };
		56DCAA98268AFF5B0056155A /* OddDayTableViewCell.swift */ = {isa = PBXFileReference; lastKnownFileType = sourcecode.swift; path = OddDayTableViewCell.swift; sourceTree = "<group>"; };
		56DCAA99268AFF5B0056155A /* OddDayTableViewCell.xib */ = {isa = PBXFileReference; lastKnownFileType = file.xib; path = OddDayTableViewCell.xib; sourceTree = "<group>"; };
		56DCAA9C268B00910056155A /* UIView+Extension.swift */ = {isa = PBXFileReference; lastKnownFileType = sourcecode.swift; path = "UIView+Extension.swift"; sourceTree = "<group>"; };
		56DCAA9E268C51E50056155A /* Challenge.swift */ = {isa = PBXFileReference; lastKnownFileType = sourcecode.swift; path = Challenge.swift; sourceTree = "<group>"; };
		56DCAAA0268C61810056155A /* CourseLibrary.storyboard */ = {isa = PBXFileReference; lastKnownFileType = file.storyboard; path = CourseLibrary.storyboard; sourceTree = "<group>"; };
		56DCAAA2268C61A40056155A /* CourseLibraryViewController.swift */ = {isa = PBXFileReference; lastKnownFileType = sourcecode.swift; path = CourseLibraryViewController.swift; sourceTree = "<group>"; };
		56DCAAAD268C6D690056155A /* UndoneCourseCollectionViewCell.swift */ = {isa = PBXFileReference; lastKnownFileType = sourcecode.swift; path = UndoneCourseCollectionViewCell.swift; sourceTree = "<group>"; };
		56DCAAAE268C6D690056155A /* UndoneCourseCollectionViewCell.xib */ = {isa = PBXFileReference; lastKnownFileType = file.xib; path = UndoneCourseCollectionViewCell.xib; sourceTree = "<group>"; };
		56DCAAB1268C6D760056155A /* DoneCourseCollectionViewCell.swift */ = {isa = PBXFileReference; lastKnownFileType = sourcecode.swift; path = DoneCourseCollectionViewCell.swift; sourceTree = "<group>"; };
		56DCAAB2268C6D760056155A /* DoneCourseCollectionViewCell.xib */ = {isa = PBXFileReference; lastKnownFileType = file.xib; path = DoneCourseCollectionViewCell.xib; sourceTree = "<group>"; };
		56DCAAB5268C6F5D0056155A /* Course.swift */ = {isa = PBXFileReference; lastKnownFileType = sourcecode.swift; path = Course.swift; sourceTree = "<group>"; };
		56DCAAB8268CA02A0056155A /* Login.storyboard */ = {isa = PBXFileReference; lastKnownFileType = file.storyboard; path = Login.storyboard; sourceTree = "<group>"; };
		56DCAABB268CA0FA0056155A /* LoginViewController.swift */ = {isa = PBXFileReference; lastKnownFileType = sourcecode.swift; path = LoginViewController.swift; sourceTree = "<group>"; };
		56DCAAC326907F880056155A /* Journey.entitlements */ = {isa = PBXFileReference; lastKnownFileType = text.plist.entitlements; path = Journey.entitlements; sourceTree = "<group>"; };
		56EAF74F2694AF2E00D36105 /* MedalCollectionReusableView.swift */ = {isa = PBXFileReference; lastKnownFileType = sourcecode.swift; path = MedalCollectionReusableView.swift; sourceTree = "<group>"; };
		56EAF7502694AF2E00D36105 /* MedalCollectionReusableView.xib */ = {isa = PBXFileReference; lastKnownFileType = file.xib; path = MedalCollectionReusableView.xib; sourceTree = "<group>"; };
		56EAF7572694BDD300D36105 /* PopUpViewController.swift */ = {isa = PBXFileReference; lastKnownFileType = sourcecode.swift; path = PopUpViewController.swift; sourceTree = "<group>"; };
		56EAF7582694BDD300D36105 /* PopUpViewController.xib */ = {isa = PBXFileReference; lastKnownFileType = file.xib; path = PopUpViewController.xib; sourceTree = "<group>"; };
		56EAF75E26955B5300D36105 /* Auth.swift */ = {isa = PBXFileReference; lastKnownFileType = sourcecode.swift; path = Auth.swift; sourceTree = "<group>"; };
		56EAF76026955C0300D36105 /* Home.swift */ = {isa = PBXFileReference; lastKnownFileType = sourcecode.swift; path = Home.swift; sourceTree = "<group>"; };
		56F13A44269C15300006F9A0 /* PasswordService.swift */ = {isa = PBXFileReference; lastKnownFileType = sourcecode.swift; path = PasswordService.swift; sourceTree = "<group>"; };
		56F13A46269C243D0006F9A0 /* PasswordAPI.swift */ = {isa = PBXFileReference; lastKnownFileType = sourcecode.swift; path = PasswordAPI.swift; sourceTree = "<group>"; };
		56F13A4D269C6D840006F9A0 /* User.swift */ = {isa = PBXFileReference; lastKnownFileType = sourcecode.swift; path = User.swift; sourceTree = "<group>"; };
		56F13A4F269C745B0006F9A0 /* BMHANNA_11yrs_otf.otf */ = {isa = PBXFileReference; lastKnownFileType = file; path = BMHANNA_11yrs_otf.otf; sourceTree = "<group>"; };
		56F13A51269C74660006F9A0 /* SpoqaHanSansNeo-Light.otf */ = {isa = PBXFileReference; lastKnownFileType = file; path = "SpoqaHanSansNeo-Light.otf"; sourceTree = "<group>"; };
		56F13A52269C74670006F9A0 /* SpoqaHanSansNeo-Thin.otf */ = {isa = PBXFileReference; lastKnownFileType = file; path = "SpoqaHanSansNeo-Thin.otf"; sourceTree = "<group>"; };
		56F13A53269C74670006F9A0 /* SpoqaHanSansNeo-Regular.otf */ = {isa = PBXFileReference; lastKnownFileType = file; path = "SpoqaHanSansNeo-Regular.otf"; sourceTree = "<group>"; };
		56F13A54269C74680006F9A0 /* SpoqaHanSansNeo-Medium.otf */ = {isa = PBXFileReference; lastKnownFileType = file; path = "SpoqaHanSansNeo-Medium.otf"; sourceTree = "<group>"; };
		56F13A55269C74680006F9A0 /* SpoqaHanSansNeo-Bold.otf */ = {isa = PBXFileReference; lastKnownFileType = file; path = "SpoqaHanSansNeo-Bold.otf"; sourceTree = "<group>"; };
		7E48B7936113F659E5F3BD09 /* Pods-Journey.release.xcconfig */ = {isa = PBXFileReference; includeInIndex = 1; lastKnownFileType = text.xcconfig; name = "Pods-Journey.release.xcconfig"; path = "Target Support Files/Pods-Journey/Pods-Journey.release.xcconfig"; sourceTree = "<group>"; };
		9DAC4B8168D442A39A098439 /* Pods_Journey.framework */ = {isa = PBXFileReference; explicitFileType = wrapper.framework; includeInIndex = 0; path = Pods_Journey.framework; sourceTree = BUILT_PRODUCTS_DIR; };
		AA1F348D2692FB920011B3FA /* FeedDetail.storyboard */ = {isa = PBXFileReference; lastKnownFileType = file.storyboard; path = FeedDetail.storyboard; sourceTree = "<group>"; };
		AA1F34902692FB9E0011B3FA /* FeedDetailViewController.swift */ = {isa = PBXFileReference; lastKnownFileType = sourcecode.swift; path = FeedDetailViewController.swift; sourceTree = "<group>"; };
		AA1F349626935A890011B3FA /* MyDrawer.storyboard */ = {isa = PBXFileReference; lastKnownFileType = file.storyboard; path = MyDrawer.storyboard; sourceTree = "<group>"; };
		AA1F34992693688F0011B3FA /* MyDrawerViewController.swift */ = {isa = PBXFileReference; lastKnownFileType = sourcecode.swift; path = MyDrawerViewController.swift; sourceTree = "<group>"; };
		AA1F34A7269377F30011B3FA /* DatePickerViewController.swift */ = {isa = PBXFileReference; lastKnownFileType = sourcecode.swift; path = DatePickerViewController.swift; sourceTree = "<group>"; };
		AA1F34A8269377F30011B3FA /* DatePickerViewController.xib */ = {isa = PBXFileReference; lastKnownFileType = file.xib; path = DatePickerViewController.xib; sourceTree = "<group>"; };
		AA1F34AC26939E260011B3FA /* AppDate.swift */ = {isa = PBXFileReference; lastKnownFileType = sourcecode.swift; path = AppDate.swift; sourceTree = "<group>"; };
		AA1F34AF2694B2F20011B3FA /* ModalPresentationController.swift */ = {isa = PBXFileReference; lastKnownFileType = sourcecode.swift; path = ModalPresentationController.swift; sourceTree = "<group>"; };
		AA1F34BB26956C400011B3FA /* MyDrawerCollectionReusableView.swift */ = {isa = PBXFileReference; lastKnownFileType = sourcecode.swift; path = MyDrawerCollectionReusableView.swift; sourceTree = "<group>"; };
		AA1F34BC26956C400011B3FA /* MyDrawerCollectionReusableView.xib */ = {isa = PBXFileReference; lastKnownFileType = file.xib; path = MyDrawerCollectionReusableView.xib; sourceTree = "<group>"; };
		AA1F34C326959BD50011B3FA /* Mood.storyboard */ = {isa = PBXFileReference; lastKnownFileType = file.storyboard; path = Mood.storyboard; sourceTree = "<group>"; };
		AA1F34C626959BFC0011B3FA /* MoodViewController.swift */ = {isa = PBXFileReference; lastKnownFileType = sourcecode.swift; path = MoodViewController.swift; sourceTree = "<group>"; };
		AA1F34DF2695D28C0011B3FA /* Writing.storyboard */ = {isa = PBXFileReference; lastKnownFileType = file.storyboard; path = Writing.storyboard; sourceTree = "<group>"; };
		AA1F34E22695D2BD0011B3FA /* WritingViewController.swift */ = {isa = PBXFileReference; lastKnownFileType = sourcecode.swift; path = WritingViewController.swift; sourceTree = "<group>"; };
		AA1F352326976E670011B3FA /* HashTagCollectionViewCell.swift */ = {isa = PBXFileReference; lastKnownFileType = sourcecode.swift; path = HashTagCollectionViewCell.swift; sourceTree = "<group>"; };
		AA1F352426976E670011B3FA /* HashTagCollectionViewCell.xib */ = {isa = PBXFileReference; lastKnownFileType = file.xib; path = HashTagCollectionViewCell.xib; sourceTree = "<group>"; };
		AAD77083269B710E00EC3598 /* CustomIntensityVisualEffectView.swift */ = {isa = PBXFileReference; lastKnownFileType = sourcecode.swift; path = CustomIntensityVisualEffectView.swift; sourceTree = "<group>"; };
		AAD77099269B8B3F00EC3598 /* ContentsCollectionViewCell.swift */ = {isa = PBXFileReference; lastKnownFileType = sourcecode.swift; path = ContentsCollectionViewCell.swift; sourceTree = "<group>"; };
		AAD770D0269C6F4B00EC3598 /* HomeService.swift */ = {isa = PBXFileReference; lastKnownFileType = sourcecode.swift; path = HomeService.swift; sourceTree = "<group>"; };
		AAD770D4269C706B00EC3598 /* HomeAPI.swift */ = {isa = PBXFileReference; lastKnownFileType = sourcecode.swift; path = HomeAPI.swift; sourceTree = "<group>"; };
		AAFD90C6269052E100CF4707 /* FeedHeaderView.swift */ = {isa = PBXFileReference; lastKnownFileType = sourcecode.swift; path = FeedHeaderView.swift; sourceTree = "<group>"; };
		AAFD90C9269052EE00CF4707 /* FeedHeaderView.xib */ = {isa = PBXFileReference; lastKnownFileType = file.xib; path = FeedHeaderView.xib; sourceTree = "<group>"; };
		AE04EE8E2CC2D99FF8A949C4 /* Pods-Journey.debug.xcconfig */ = {isa = PBXFileReference; includeInIndex = 1; lastKnownFileType = text.xcconfig; name = "Pods-Journey.debug.xcconfig"; path = "Target Support Files/Pods-Journey/Pods-Journey.debug.xcconfig"; sourceTree = "<group>"; };
		EC0DB03A269A0FBD00DB7980 /* YearPickerViewController.swift */ = {isa = PBXFileReference; lastKnownFileType = sourcecode.swift; path = YearPickerViewController.swift; sourceTree = "<group>"; };
		EC0DB03B269A0FBD00DB7980 /* YearPickerViewController.xib */ = {isa = PBXFileReference; lastKnownFileType = file.xib; path = YearPickerViewController.xib; sourceTree = "<group>"; };
		EC0DB03E269A3CC200DB7980 /* AppYear.swift */ = {isa = PBXFileReference; lastKnownFileType = sourcecode.swift; path = AppYear.swift; sourceTree = "<group>"; };
		EC0DB041269C331700DB7980 /* UIDevice+Extension.swift */ = {isa = PBXFileReference; lastKnownFileType = sourcecode.swift; path = "UIDevice+Extension.swift"; sourceTree = "<group>"; };
		ECB617F826949256005E62B0 /* SignUpFirst.storyboard */ = {isa = PBXFileReference; lastKnownFileType = file.storyboard; path = SignUpFirst.storyboard; sourceTree = "<group>"; };
		ECB617FA2694926E005E62B0 /* SignUpSecond.storyboard */ = {isa = PBXFileReference; lastKnownFileType = file.storyboard; path = SignUpSecond.storyboard; sourceTree = "<group>"; };
		ECB617FC2694927A005E62B0 /* SignUpThird.storyboard */ = {isa = PBXFileReference; lastKnownFileType = file.storyboard; path = SignUpThird.storyboard; sourceTree = "<group>"; };
		ECB617FE269492A8005E62B0 /* SignUpFirstViewController.swift */ = {isa = PBXFileReference; lastKnownFileType = sourcecode.swift; path = SignUpFirstViewController.swift; sourceTree = "<group>"; };
		ECB61801269492BC005E62B0 /* SignUpSecondViewController.swift */ = {isa = PBXFileReference; lastKnownFileType = sourcecode.swift; path = SignUpSecondViewController.swift; sourceTree = "<group>"; };
		ECB61803269492CD005E62B0 /* SignUpThirdViewController.swift */ = {isa = PBXFileReference; lastKnownFileType = sourcecode.swift; path = SignUpThirdViewController.swift; sourceTree = "<group>"; };
/* End PBXFileReference section */

/* Begin PBXFrameworksBuildPhase section */
		56DCAA212689BB9B0056155A /* Frameworks */ = {
			isa = PBXFrameworksBuildPhase;
			buildActionMask = 2147483647;
			files = (
				0476068C7AE8148858867E65 /* Pods_Journey.framework in Frameworks */,
			);
			runOnlyForDeploymentPostprocessing = 0;
		};
/* End PBXFrameworksBuildPhase section */

/* Begin PBXGroup section */
		21B51734A549B667ECC2DAAA /* Pods */ = {
			isa = PBXGroup;
			children = (
				AE04EE8E2CC2D99FF8A949C4 /* Pods-Journey.debug.xcconfig */,
				7E48B7936113F659E5F3BD09 /* Pods-Journey.release.xcconfig */,
			);
			path = Pods;
			sourceTree = "<group>";
		};
		3FF6FF1B1700D7AE555878DC /* Frameworks */ = {
			isa = PBXGroup;
			children = (
				9DAC4B8168D442A39A098439 /* Pods_Journey.framework */,
			);
			name = Frameworks;
			sourceTree = "<group>";
		};
		5667D4D0269ADE300071D7AD /* CourseAPI */ = {
			isa = PBXGroup;
			children = (
				5667D4D1269AE3650071D7AD /* CourseService.swift */,
				5667D4D3269AF7310071D7AD /* CourseAPI.swift */,
			);
			path = CourseAPI;
			sourceTree = "<group>";
		};
		568F64BE2692DF2C0066B9D1 /* ViewModels */ = {
			isa = PBXGroup;
			children = (
				5667D4D7269B0EB30071D7AD /* ViewModelState.swift */,
				568F64BF2692DF2C0066B9D1 /* CourseListViewModel.swift */,
			);
			path = ViewModels;
			sourceTree = "<group>";
		};
		56AADEE5269494D200131D2C /* MedalCollectionView */ = {
			isa = PBXGroup;
			children = (
				56AADEF22694AE2300131D2C /* MedalCollectionViewCell.swift */,
				56AADEF32694AE2300131D2C /* MedalCollectionViewCell.xib */,
			);
			path = MedalCollectionView;
			sourceTree = "<group>";
		};
		56D6EF3F26997FD20011F3FE /* ChallengeAPI */ = {
			isa = PBXGroup;
			children = (
				5667D4D9269B41520071D7AD /* ChallengeAPI.swift */,
				5667D4DA269B41520071D7AD /* ChallengeService.swift */,
			);
			path = ChallengeAPI;
			sourceTree = "<group>";
		};
		56DCAA1B2689BB9B0056155A = {
			isa = PBXGroup;
			children = (
				56DCAA6C2689C0D10056155A /* .swiftlint.yml */,
				56DCAA262689BB9B0056155A /* Journey */,
				56DCAA252689BB9B0056155A /* Products */,
				21B51734A549B667ECC2DAAA /* Pods */,
				3FF6FF1B1700D7AE555878DC /* Frameworks */,
			);
			sourceTree = "<group>";
		};
		56DCAA252689BB9B0056155A /* Products */ = {
			isa = PBXGroup;
			children = (
				56DCAA242689BB9B0056155A /* Journey.app */,
			);
			name = Products;
			sourceTree = "<group>";
		};
		56DCAA262689BB9B0056155A /* Journey */ = {
			isa = PBXGroup;
			children = (
				56DCAAC326907F880056155A /* Journey.entitlements */,
				56DCAA3C2689BC010056155A /* Resources */,
				56DCAA3B2689BBF90056155A /* Sources */,
			);
			path = Journey;
			sourceTree = "<group>";
		};
		56DCAA3B2689BBF90056155A /* Sources */ = {
			isa = PBXGroup;
			children = (
				56DCAA292689BB9B0056155A /* SceneDelegate.swift */,
				56DCAA272689BB9B0056155A /* AppDelegate.swift */,
				56DCAA442689BC5B0056155A /* APIServices */,
				56DCAA5A2689BDC40056155A /* APIModels */,
				56DCAA422689BC4E0056155A /* AppModels */,
				568F64BE2692DF2C0066B9D1 /* ViewModels */,
				56DCAA432689BC530056155A /* Extensions */,
				56DCAA412689BC4B0056155A /* Protocols */,
				56DCAA402689BC470056155A /* Cells */,
				56DCAA3F2689BC430056155A /* Views */,
				56DCAA3E2689BC3D0056155A /* ViewControllers */,
			);
			path = Sources;
			sourceTree = "<group>";
		};
		56DCAA3C2689BC010056155A /* Resources */ = {
			isa = PBXGroup;
			children = (
				56DCAA352689BB9E0056155A /* Info.plist */,
				568F64C12692F9E20066B9D1 /* GoogleService-Info.plist */,
				56DCAA302689BB9E0056155A /* Assets.xcassets */,
				56DCAA6E2689DB500056155A /* Colors.xcassets */,
				56DCAA472689BCA40056155A /* Lottie */,
				56DCAA462689BC850056155A /* Font */,
				56DCAA452689BC800056155A /* Constants */,
				56DCAA3D2689BC140056155A /* Storyboards */,
			);
			path = Resources;
			sourceTree = "<group>";
		};
		56DCAA3D2689BC140056155A /* Storyboards */ = {
			isa = PBXGroup;
			children = (
				56DCAA322689BB9E0056155A /* LaunchScreen.storyboard */,
				56DCAA73268ADE040056155A /* Tabbar.storyboard */,
				56DCAAB7268C9FDF0056155A /* Auth */,
				56DCAA88268AE21C0056155A /* Home */,
				56DCAA89268AE2230056155A /* Challenge */,
				56DCAA8A268AE2260056155A /* Feed */,
			);
			path = Storyboards;
			sourceTree = "<group>";
		};
		56DCAA3E2689BC3D0056155A /* ViewControllers */ = {
			isa = PBXGroup;
			children = (
				56DCAA77268AE0E40056155A /* TabbarViewController.swift */,
				56DCAABA268CA0550056155A /* Auth */,
				56DCAA85268AE1E30056155A /* Home */,
				56DCAA86268AE1EA0056155A /* Challenge */,
				56DCAA87268AE1EE0056155A /* Feed */,
				56EAF75B2694C5DA00D36105 /* PopUp */,
			);
			path = ViewControllers;
			sourceTree = "<group>";
		};
		56DCAA3F2689BC430056155A /* Views */ = {
			isa = PBXGroup;
			children = (
				AAFD90C6269052E100CF4707 /* FeedHeaderView.swift */,
				AAFD90C9269052EE00CF4707 /* FeedHeaderView.xib */,
				AA1F34A7269377F30011B3FA /* DatePickerViewController.swift */,
				AA1F34A8269377F30011B3FA /* DatePickerViewController.xib */,
				AA1F34BB26956C400011B3FA /* MyDrawerCollectionReusableView.swift */,
				AA1F34BC26956C400011B3FA /* MyDrawerCollectionReusableView.xib */,
				56EAF74F2694AF2E00D36105 /* MedalCollectionReusableView.swift */,
				56EAF7502694AF2E00D36105 /* MedalCollectionReusableView.xib */,
				EC0DB03A269A0FBD00DB7980 /* YearPickerViewController.swift */,
				EC0DB03B269A0FBD00DB7980 /* YearPickerViewController.xib */,
				AAD77083269B710E00EC3598 /* CustomIntensityVisualEffectView.swift */,
			);
			path = Views;
			sourceTree = "<group>";
		};
		56DCAA402689BC470056155A /* Cells */ = {
			isa = PBXGroup;
			children = (
				AA1F352126976E390011B3FA /* FeedView */,
				56AADEE5269494D200131D2C /* MedalCollectionView */,
				AAFD90BF269047A000CF4707 /* FeedCollectionView */,
				56DCAA8F268AFF100056155A /* CourseTableView */,
				56DCAAA4268C6BC80056155A /* CourseLibraryCollectionVIew */,
			);
			path = Cells;
			sourceTree = "<group>";
		};
		56DCAA412689BC4B0056155A /* Protocols */ = {
			isa = PBXGroup;
			children = (
				56DCAA632689BE110056155A /* ProtocolsExmaple.swift */,
			);
			path = Protocols;
			sourceTree = "<group>";
		};
		56DCAA422689BC4E0056155A /* AppModels */ = {
			isa = PBXGroup;
			children = (
				56DCAA5F2689BDFF0056155A /* AppModelsExmaple.swift */,
				EC0DB03E269A3CC200DB7980 /* AppYear.swift */,
				56F13A4D269C6D840006F9A0 /* User.swift */,
			);
			path = AppModels;
			sourceTree = "<group>";
		};
		56DCAA432689BC530056155A /* Extensions */ = {
			isa = PBXGroup;
			children = (
				56DCAA612689BE080056155A /* UIColor+Extension.swift */,
				56DCAA70268A26F80056155A /* UINavigationController+Extension.swift */,
				56DCAA9C268B00910056155A /* UIView+Extension.swift */,
				AA1F34AF2694B2F20011B3FA /* ModalPresentationController.swift */,
				EC0DB041269C331700DB7980 /* UIDevice+Extension.swift */,
				56BF369C269EC947009D8CCC /* UIViewController+Extension.swift */,
			);
			path = Extensions;
			sourceTree = "<group>";
		};
		56DCAA442689BC5B0056155A /* APIServices */ = {
			isa = PBXGroup;
			children = (
				AAD770CF269C6F3000EC3598 /* HomeAPI */,
				56D6EF44269981720011F3FE /* NetworkResult.swift */,
				56F13A41269C15140006F9A0 /* AuthAPI */,
				5667D4D0269ADE300071D7AD /* CourseAPI */,
				56D6EF3F26997FD20011F3FE /* ChallengeAPI */,
			);
			path = APIServices;
			sourceTree = "<group>";
		};
		56DCAA452689BC800056155A /* Constants */ = {
			isa = PBXGroup;
			children = (
				56DCAA492689BCD80056155A /* Const.swift */,
				56DCAA4C2689BCF90056155A /* Storyboard.swift */,
				56DCAA4E2689BD110056155A /* ViewController.swift */,
				56DCAA502689BD1E0056155A /* Xib.swift */,
				56DCAA522689BD2C0056155A /* Image.swift */,
				56DCAA542689BD3B0056155A /* Font.swift */,
				564D5D8B26942F260056E468 /* URL.swift */,
			);
			path = Constants;
			sourceTree = "<group>";
		};
		56DCAA462689BC850056155A /* Font */ = {
			isa = PBXGroup;
			children = (
				56F13A55269C74680006F9A0 /* SpoqaHanSansNeo-Bold.otf */,
				56F13A51269C74660006F9A0 /* SpoqaHanSansNeo-Light.otf */,
				56F13A54269C74680006F9A0 /* SpoqaHanSansNeo-Medium.otf */,
				56F13A53269C74670006F9A0 /* SpoqaHanSansNeo-Regular.otf */,
				56F13A52269C74670006F9A0 /* SpoqaHanSansNeo-Thin.otf */,
				56F13A4F269C745B0006F9A0 /* BMHANNA_11yrs_otf.otf */,
			);
			path = Font;
			sourceTree = "<group>";
		};
		56DCAA472689BCA40056155A /* Lottie */ = {
			isa = PBXGroup;
			children = (
				56DCAA582689BD9F0056155A /* LottieExmaple.swift */,
			);
			path = Lottie;
			sourceTree = "<group>";
		};
		56DCAA5A2689BDC40056155A /* APIModels */ = {
			isa = PBXGroup;
			children = (
				56EAF75E26955B5300D36105 /* Auth.swift */,
				56EAF76026955C0300D36105 /* Home.swift */,
				56DCAA9E268C51E50056155A /* Challenge.swift */,
				56DCAAB5268C6F5D0056155A /* Course.swift */,
				AA1F34AC26939E260011B3FA /* AppDate.swift */,
				5667D4DD269B624C0071D7AD /* Medal.swift */,
			);
			path = APIModels;
			sourceTree = "<group>";
		};
		56DCAA85268AE1E30056155A /* Home */ = {
			isa = PBXGroup;
			children = (
				56DCAA7F268AE1A50056155A /* HomeViewController.swift */,
				564D5D8F269446760056E468 /* MedalViewController.swift */,
			);
			path = Home;
			sourceTree = "<group>";
		};
		56DCAA86268AE1EA0056155A /* Challenge */ = {
			isa = PBXGroup;
			children = (
				56DCAA81268AE1B10056155A /* ChallengeViewController.swift */,
				56DCAA8D268AF75E0056155A /* CourseViewController.swift */,
				56DCAAA2268C61A40056155A /* CourseLibraryViewController.swift */,
			);
			path = Challenge;
			sourceTree = "<group>";
		};
		56DCAA87268AE1EE0056155A /* Feed */ = {
			isa = PBXGroup;
			children = (
				56DCAA83268AE1BD0056155A /* FeedViewController.swift */,
				AA1F34992693688F0011B3FA /* MyDrawerViewController.swift */,
				AA1F34902692FB9E0011B3FA /* FeedDetailViewController.swift */,
				AA1F34E22695D2BD0011B3FA /* WritingViewController.swift */,
				AA1F34C626959BFC0011B3FA /* MoodViewController.swift */,
			);
			path = Feed;
			sourceTree = "<group>";
		};
		56DCAA88268AE21C0056155A /* Home */ = {
			isa = PBXGroup;
			children = (
				56DCAA79268AE1280056155A /* Home.storyboard */,
				564D5D8D2694454A0056E468 /* Medal.storyboard */,
			);
			path = Home;
			sourceTree = "<group>";
		};
		56DCAA89268AE2230056155A /* Challenge */ = {
			isa = PBXGroup;
			children = (
				56DCAA7B268AE1310056155A /* Challenge.storyboard */,
				56DCAA8B268AF6E20056155A /* Course.storyboard */,
				56DCAAA0268C61810056155A /* CourseLibrary.storyboard */,
			);
			path = Challenge;
			sourceTree = "<group>";
		};
		56DCAA8A268AE2260056155A /* Feed */ = {
			isa = PBXGroup;
			children = (
				56DCAA7D268AE13B0056155A /* Feed.storyboard */,
				AA1F349626935A890011B3FA /* MyDrawer.storyboard */,
				AA1F348D2692FB920011B3FA /* FeedDetail.storyboard */,
				AA1F34DF2695D28C0011B3FA /* Writing.storyboard */,
				AA1F34C326959BD50011B3FA /* Mood.storyboard */,
			);
			path = Feed;
			sourceTree = "<group>";
		};
		56DCAA8F268AFF100056155A /* CourseTableView */ = {
			isa = PBXGroup;
			children = (
				56DCAA90268AFF3A0056155A /* FirstDayTableViewCell.swift */,
				56DCAA91268AFF3A0056155A /* FirstDayTableViewCell.xib */,
				56DCAA94268AFF510056155A /* EvenDayTableViewCell.swift */,
				56DCAA95268AFF510056155A /* EvenDayTableViewCell.xib */,
				56DCAA98268AFF5B0056155A /* OddDayTableViewCell.swift */,
				56DCAA99268AFF5B0056155A /* OddDayTableViewCell.xib */,
			);
			path = CourseTableView;
			sourceTree = "<group>";
		};
		56DCAAA4268C6BC80056155A /* CourseLibraryCollectionVIew */ = {
			isa = PBXGroup;
			children = (
				56DCAAAD268C6D690056155A /* UndoneCourseCollectionViewCell.swift */,
				56DCAAAE268C6D690056155A /* UndoneCourseCollectionViewCell.xib */,
				56DCAAB1268C6D760056155A /* DoneCourseCollectionViewCell.swift */,
				56DCAAB2268C6D760056155A /* DoneCourseCollectionViewCell.xib */,
			);
			path = CourseLibraryCollectionVIew;
			sourceTree = "<group>";
		};
		56DCAAB7268C9FDF0056155A /* Auth */ = {
			isa = PBXGroup;
			children = (
				56DCAAB8268CA02A0056155A /* Login.storyboard */,
				ECB617F826949256005E62B0 /* SignUpFirst.storyboard */,
				ECB617FA2694926E005E62B0 /* SignUpSecond.storyboard */,
				ECB617FC2694927A005E62B0 /* SignUpThird.storyboard */,
				56026136269AC7590079F1D9 /* FindPassword.storyboard */,
				5667D4CC269AD1370071D7AD /* Code.storyboard */,
				5667D4C8269ACB910071D7AD /* NewPassword.storyboard */,
			);
			path = Auth;
			sourceTree = "<group>";
		};
		56DCAABA268CA0550056155A /* Auth */ = {
			isa = PBXGroup;
			children = (
				56DCAABB268CA0FA0056155A /* LoginViewController.swift */,
				ECB617FE269492A8005E62B0 /* SignUpFirstViewController.swift */,
				ECB61801269492BC005E62B0 /* SignUpSecondViewController.swift */,
				ECB61803269492CD005E62B0 /* SignUpThirdViewController.swift */,
				56026138269AC7690079F1D9 /* FindPasswordViewController.swift */,
				5667D4CA269ACBA70071D7AD /* CodeViewController.swift */,
				5667D4CE269AD1620071D7AD /* NewPasswordViewController.swift */,
			);
			path = Auth;
			sourceTree = "<group>";
		};
		56EAF75B2694C5DA00D36105 /* PopUp */ = {
			isa = PBXGroup;
			children = (
				56EAF7572694BDD300D36105 /* PopUpViewController.swift */,
				56EAF7582694BDD300D36105 /* PopUpViewController.xib */,
			);
			path = PopUp;
			sourceTree = "<group>";
		};
		56F13A41269C15140006F9A0 /* AuthAPI */ = {
			isa = PBXGroup;
			children = (
				56F13A44269C15300006F9A0 /* PasswordService.swift */,
				56F13A46269C243D0006F9A0 /* PasswordAPI.swift */,
			);
			path = AuthAPI;
			sourceTree = "<group>";
		};
		AA1F352126976E390011B3FA /* FeedView */ = {
			isa = PBXGroup;
			children = (
				AA1F352326976E670011B3FA /* HashTagCollectionViewCell.swift */,
				AA1F352426976E670011B3FA /* HashTagCollectionViewCell.xib */,
			);
			path = FeedView;
			sourceTree = "<group>";
		};
		AAD770CF269C6F3000EC3598 /* HomeAPI */ = {
			isa = PBXGroup;
			children = (
				AAD770D0269C6F4B00EC3598 /* HomeService.swift */,
				AAD770D4269C706B00EC3598 /* HomeAPI.swift */,
			);
			path = HomeAPI;
			sourceTree = "<group>";
		};
		AAFD90BF269047A000CF4707 /* FeedCollectionView */ = {
			isa = PBXGroup;
			children = (
				AAD77099269B8B3F00EC3598 /* ContentsCollectionViewCell.swift */,
			);
			path = FeedCollectionView;
			sourceTree = "<group>";
		};
/* End PBXGroup section */

/* Begin PBXNativeTarget section */
		56DCAA232689BB9B0056155A /* Journey */ = {
			isa = PBXNativeTarget;
			buildConfigurationList = 56DCAA382689BB9E0056155A /* Build configuration list for PBXNativeTarget "Journey" */;
			buildPhases = (
				F25F4CA16ECFCFAE2D69FED9 /* [CP] Check Pods Manifest.lock */,
				56DCAA202689BB9B0056155A /* Sources */,
				56DCAA212689BB9B0056155A /* Frameworks */,
				56DCAA222689BB9B0056155A /* Resources */,
				21F119CE3E9CB2BDB04D78FF /* [CP] Embed Pods Frameworks */,
				56DCAA692689BF1F0056155A /* ShellScript */,
			);
			buildRules = (
			);
			dependencies = (
			);
			name = Journey;
			productName = Journey;
			productReference = 56DCAA242689BB9B0056155A /* Journey.app */;
			productType = "com.apple.product-type.application";
		};
/* End PBXNativeTarget section */

/* Begin PBXProject section */
		56DCAA1C2689BB9B0056155A /* Project object */ = {
			isa = PBXProject;
			attributes = {
				LastSwiftUpdateCheck = 1250;
				LastUpgradeCheck = 1250;
				TargetAttributes = {
					56DCAA232689BB9B0056155A = {
						CreatedOnToolsVersion = 12.5.1;
					};
				};
			};
			buildConfigurationList = 56DCAA1F2689BB9B0056155A /* Build configuration list for PBXProject "Journey" */;
			compatibilityVersion = "Xcode 9.3";
			developmentRegion = en;
			hasScannedForEncodings = 0;
			knownRegions = (
				en,
				Base,
			);
			mainGroup = 56DCAA1B2689BB9B0056155A;
			productRefGroup = 56DCAA252689BB9B0056155A /* Products */;
			projectDirPath = "";
			projectRoot = "";
			targets = (
				56DCAA232689BB9B0056155A /* Journey */,
			);
		};
/* End PBXProject section */

/* Begin PBXResourcesBuildPhase section */
		56DCAA222689BB9B0056155A /* Resources */ = {
			isa = PBXResourcesBuildPhase;
			buildActionMask = 2147483647;
			files = (
				56DCAAB9268CA02A0056155A /* Login.storyboard in Resources */,
				5667D4CD269AD1370071D7AD /* Code.storyboard in Resources */,
				5667D4C9269ACB910071D7AD /* NewPassword.storyboard in Resources */,
				56DCAA9B268AFF5B0056155A /* OddDayTableViewCell.xib in Resources */,
				56026137269AC7590079F1D9 /* FindPassword.storyboard in Resources */,
				56F13A50269C745B0006F9A0 /* BMHANNA_11yrs_otf.otf in Resources */,
				56AADEF52694AE2300131D2C /* MedalCollectionViewCell.xib in Resources */,
				56DCAA7A268AE1280056155A /* Home.storyboard in Resources */,
				56F13A59269C74680006F9A0 /* SpoqaHanSansNeo-Medium.otf in Resources */,
				AA1F348E2692FB920011B3FA /* FeedDetail.storyboard in Resources */,
				56DCAA74268ADE040056155A /* Tabbar.storyboard in Resources */,
				ECB617FB2694926E005E62B0 /* SignUpSecond.storyboard in Resources */,
				56F13A58269C74680006F9A0 /* SpoqaHanSansNeo-Regular.otf in Resources */,
				56F13A5A269C74680006F9A0 /* SpoqaHanSansNeo-Bold.otf in Resources */,
				56DCAA97268AFF510056155A /* EvenDayTableViewCell.xib in Resources */,
				ECB617FD2694927A005E62B0 /* SignUpThird.storyboard in Resources */,
				56DCAA7E268AE13B0056155A /* Feed.storyboard in Resources */,
				AA1F34C426959BD50011B3FA /* Mood.storyboard in Resources */,
				56DCAAA1268C61810056155A /* CourseLibrary.storyboard in Resources */,
				56DCAA6F2689DB500056155A /* Colors.xcassets in Resources */,
				AA1F349726935A890011B3FA /* MyDrawer.storyboard in Resources */,
				56F13A56269C74680006F9A0 /* SpoqaHanSansNeo-Light.otf in Resources */,
				56DCAA6D2689C0D10056155A /* .swiftlint.yml in Resources */,
				EC0DB03D269A0FBD00DB7980 /* YearPickerViewController.xib in Resources */,
				AA1F34E02695D28C0011B3FA /* Writing.storyboard in Resources */,
				56EAF75A2694BDD300D36105 /* PopUpViewController.xib in Resources */,
				56DCAAB0268C6D690056155A /* UndoneCourseCollectionViewCell.xib in Resources */,
				AA1F34AA269377F30011B3FA /* DatePickerViewController.xib in Resources */,
				568F64C22692F9E20066B9D1 /* GoogleService-Info.plist in Resources */,
				56DCAAB4268C6D760056155A /* DoneCourseCollectionViewCell.xib in Resources */,
				56DCAA93268AFF3A0056155A /* FirstDayTableViewCell.xib in Resources */,
				AA1F34BE26956C400011B3FA /* MyDrawerCollectionReusableView.xib in Resources */,
				AA1F352626976E670011B3FA /* HashTagCollectionViewCell.xib in Resources */,
				56EAF7522694AF2E00D36105 /* MedalCollectionReusableView.xib in Resources */,
				568F64C22692F9E20066B9D1 /* GoogleService-Info.plist in Resources */,
				56DCAAB4268C6D760056155A /* DoneCourseCollectionViewCell.xib in Resources */,
				56DCAA93268AFF3A0056155A /* FirstDayTableViewCell.xib in Resources */,
				564D5D8E2694454A0056E468 /* Medal.storyboard in Resources */,
				56DCAA342689BB9E0056155A /* LaunchScreen.storyboard in Resources */,
				56DCAA312689BB9E0056155A /* Assets.xcassets in Resources */,
				ECB617F926949256005E62B0 /* SignUpFirst.storyboard in Resources */,
				56F13A57269C74680006F9A0 /* SpoqaHanSansNeo-Thin.otf in Resources */,
				56DCAA7C268AE1310056155A /* Challenge.storyboard in Resources */,
				56DCAA8C268AF6E20056155A /* Course.storyboard in Resources */,
				AAFD90CA269052EE00CF4707 /* FeedHeaderView.xib in Resources */,
			);
			runOnlyForDeploymentPostprocessing = 0;
		};
/* End PBXResourcesBuildPhase section */

/* Begin PBXShellScriptBuildPhase section */
		21F119CE3E9CB2BDB04D78FF /* [CP] Embed Pods Frameworks */ = {
			isa = PBXShellScriptBuildPhase;
			buildActionMask = 2147483647;
			files = (
			);
			inputFileListPaths = (
				"${PODS_ROOT}/Target Support Files/Pods-Journey/Pods-Journey-frameworks-${CONFIGURATION}-input-files.xcfilelist",
			);
			name = "[CP] Embed Pods Frameworks";
			outputFileListPaths = (
				"${PODS_ROOT}/Target Support Files/Pods-Journey/Pods-Journey-frameworks-${CONFIGURATION}-output-files.xcfilelist",
			);
			runOnlyForDeploymentPostprocessing = 0;
			shellPath = /bin/sh;
			shellScript = "\"${PODS_ROOT}/Target Support Files/Pods-Journey/Pods-Journey-frameworks.sh\"\n";
			showEnvVarsInLog = 0;
		};
		56DCAA692689BF1F0056155A /* ShellScript */ = {
			isa = PBXShellScriptBuildPhase;
			alwaysOutOfDate = 1;
			buildActionMask = 2147483647;
			files = (
			);
			inputFileListPaths = (
			);
			inputPaths = (
			);
			outputFileListPaths = (
			);
			outputPaths = (
			);
			runOnlyForDeploymentPostprocessing = 0;
			shellPath = /bin/sh;
			shellScript = "\"${PODS_ROOT}/SwiftLint/swiftlint\"\n";
		};
		F25F4CA16ECFCFAE2D69FED9 /* [CP] Check Pods Manifest.lock */ = {
			isa = PBXShellScriptBuildPhase;
			buildActionMask = 2147483647;
			files = (
			);
			inputFileListPaths = (
			);
			inputPaths = (
				"${PODS_PODFILE_DIR_PATH}/Podfile.lock",
				"${PODS_ROOT}/Manifest.lock",
			);
			name = "[CP] Check Pods Manifest.lock";
			outputFileListPaths = (
			);
			outputPaths = (
				"$(DERIVED_FILE_DIR)/Pods-Journey-checkManifestLockResult.txt",
			);
			runOnlyForDeploymentPostprocessing = 0;
			shellPath = /bin/sh;
			shellScript = "diff \"${PODS_PODFILE_DIR_PATH}/Podfile.lock\" \"${PODS_ROOT}/Manifest.lock\" > /dev/null\nif [ $? != 0 ] ; then\n    # print error to STDERR\n    echo \"error: The sandbox is not in sync with the Podfile.lock. Run 'pod install' or update your CocoaPods installation.\" >&2\n    exit 1\nfi\n# This output is used by Xcode 'outputs' to avoid re-running this script phase.\necho \"SUCCESS\" > \"${SCRIPT_OUTPUT_FILE_0}\"\n";
			showEnvVarsInLog = 0;
		};
/* End PBXShellScriptBuildPhase section */

/* Begin PBXSourcesBuildPhase section */
		56DCAA202689BB9B0056155A /* Sources */ = {
			isa = PBXSourcesBuildPhase;
			buildActionMask = 2147483647;
			files = (
				56DCAABC268CA0FA0056155A /* LoginViewController.swift in Sources */,
				AA1F34B02694B2F20011B3FA /* ModalPresentationController.swift in Sources */,
				56EAF7592694BDD300D36105 /* PopUpViewController.swift in Sources */,
				56DCAA4F2689BD110056155A /* ViewController.swift in Sources */,
				56DCAA9F268C51E50056155A /* Challenge.swift in Sources */,
				56AADEF42694AE2300131D2C /* MedalCollectionViewCell.swift in Sources */,
				56DCAA532689BD2C0056155A /* Image.swift in Sources */,
				EC0DB03C269A0FBD00DB7980 /* YearPickerViewController.swift in Sources */,
				ECB61802269492BC005E62B0 /* SignUpSecondViewController.swift in Sources */,
				56DCAA71268A26F80056155A /* UINavigationController+Extension.swift in Sources */,
				EC0DB03F269A3CC200DB7980 /* AppYear.swift in Sources */,
				AAD770D5269C706B00EC3598 /* HomeAPI.swift in Sources */,
				56DCAA642689BE110056155A /* ProtocolsExmaple.swift in Sources */,
				ECB617FF269492A8005E62B0 /* SignUpFirstViewController.swift in Sources */,
				56DCAA82268AE1B10056155A /* ChallengeViewController.swift in Sources */,
				5667D4D2269AE3650071D7AD /* CourseService.swift in Sources */,
				AA1F34AD26939E260011B3FA /* AppDate.swift in Sources */,
				ECB61804269492CD005E62B0 /* SignUpThirdViewController.swift in Sources */,
				56DCAA592689BD9F0056155A /* LottieExmaple.swift in Sources */,
				56DCAAB3268C6D760056155A /* DoneCourseCollectionViewCell.swift in Sources */,
				56DCAA602689BDFF0056155A /* AppModelsExmaple.swift in Sources */,
				56DCAA622689BE080056155A /* UIColor+Extension.swift in Sources */,
				56DCAA78268AE0E40056155A /* TabbarViewController.swift in Sources */,
				EC0DB042269C331700DB7980 /* UIDevice+Extension.swift in Sources */,
				56EAF7512694AF2E00D36105 /* MedalCollectionReusableView.swift in Sources */,
				564D5D90269446760056E468 /* MedalViewController.swift in Sources */,
				56DCAAB6268C6F5D0056155A /* Course.swift in Sources */,
				56DCAA4D2689BCFA0056155A /* Storyboard.swift in Sources */,
				56F13A47269C243D0006F9A0 /* PasswordAPI.swift in Sources */,
				5667D4DE269B624C0071D7AD /* Medal.swift in Sources */,
				56D6EF45269981720011F3FE /* NetworkResult.swift in Sources */,
				56DCAAAF268C6D690056155A /* UndoneCourseCollectionViewCell.swift in Sources */,
				56BF369D269EC947009D8CCC /* UIViewController+Extension.swift in Sources */,
				AA1F34C726959BFC0011B3FA /* MoodViewController.swift in Sources */,
				56DCAA8E268AF75E0056155A /* CourseViewController.swift in Sources */,
				56F13A4E269C6D840006F9A0 /* User.swift in Sources */,
				AA1F34912692FB9E0011B3FA /* FeedDetailViewController.swift in Sources */,
				56DCAA9D268B00910056155A /* UIView+Extension.swift in Sources */,
				AAD7709A269B8B3F00EC3598 /* ContentsCollectionViewCell.swift in Sources */,
				AA1F34A9269377F30011B3FA /* DatePickerViewController.swift in Sources */,
				5667D4D4269AF7310071D7AD /* CourseAPI.swift in Sources */,
				56DCAA92268AFF3A0056155A /* FirstDayTableViewCell.swift in Sources */,
				56DCAA512689BD1E0056155A /* Xib.swift in Sources */,
				56F13A45269C15300006F9A0 /* PasswordService.swift in Sources */,
				56DCAA552689BD3B0056155A /* Font.swift in Sources */,
				56DCAA80268AE1A50056155A /* HomeViewController.swift in Sources */,
				56DCAA4A2689BCD80056155A /* Const.swift in Sources */,
				5667D4CB269ACBA70071D7AD /* CodeViewController.swift in Sources */,
				56EAF75F26955B5300D36105 /* Auth.swift in Sources */,
				AAD77084269B710E00EC3598 /* CustomIntensityVisualEffectView.swift in Sources */,
				56EAF75F26955B5300D36105 /* Auth.swift in Sources */,
				56DCAA84268AE1BD0056155A /* FeedViewController.swift in Sources */,
				AAD770D1269C6F4B00EC3598 /* HomeService.swift in Sources */,
				AA1F352526976E670011B3FA /* HashTagCollectionViewCell.swift in Sources */,
				AA1F349A2693688F0011B3FA /* MyDrawerViewController.swift in Sources */,
				56DCAA96268AFF510056155A /* EvenDayTableViewCell.swift in Sources */,
				5667D4DC269B41520071D7AD /* ChallengeService.swift in Sources */,
				5667D4DB269B41520071D7AD /* ChallengeAPI.swift in Sources */,
				56EAF76126955C0300D36105 /* Home.swift in Sources */,
				56DCAA282689BB9B0056155A /* AppDelegate.swift in Sources */,
				56DCAA2A2689BB9B0056155A /* SceneDelegate.swift in Sources */,
				AA1F34BD26956C400011B3FA /* MyDrawerCollectionReusableView.swift in Sources */,
				5667D4CF269AD1620071D7AD /* NewPasswordViewController.swift in Sources */,
				AA1F34E32695D2BD0011B3FA /* WritingViewController.swift in Sources */,
				568F64C02692DF2C0066B9D1 /* CourseListViewModel.swift in Sources */,
				AAFD90C7269052E100CF4707 /* FeedHeaderView.swift in Sources */,
				564D5D8C26942F260056E468 /* URL.swift in Sources */,
				5667D4D8269B0EB30071D7AD /* ViewModelState.swift in Sources */,
				56DCAA9A268AFF5B0056155A /* OddDayTableViewCell.swift in Sources */,
				56026139269AC7690079F1D9 /* FindPasswordViewController.swift in Sources */,
				56DCAAA3268C61A40056155A /* CourseLibraryViewController.swift in Sources */,
			);
			runOnlyForDeploymentPostprocessing = 0;
		};
/* End PBXSourcesBuildPhase section */

/* Begin PBXVariantGroup section */
		56DCAA322689BB9E0056155A /* LaunchScreen.storyboard */ = {
			isa = PBXVariantGroup;
			children = (
				56DCAA332689BB9E0056155A /* Base */,
			);
			name = LaunchScreen.storyboard;
			sourceTree = "<group>";
		};
/* End PBXVariantGroup section */

/* Begin XCBuildConfiguration section */
		56DCAA362689BB9E0056155A /* Debug */ = {
			isa = XCBuildConfiguration;
			buildSettings = {
				ALWAYS_SEARCH_USER_PATHS = NO;
				CLANG_ANALYZER_NONNULL = YES;
				CLANG_ANALYZER_NUMBER_OBJECT_CONVERSION = YES_AGGRESSIVE;
				CLANG_CXX_LANGUAGE_STANDARD = "gnu++14";
				CLANG_CXX_LIBRARY = "libc++";
				CLANG_ENABLE_MODULES = YES;
				CLANG_ENABLE_OBJC_ARC = YES;
				CLANG_ENABLE_OBJC_WEAK = YES;
				CLANG_WARN_BLOCK_CAPTURE_AUTORELEASING = YES;
				CLANG_WARN_BOOL_CONVERSION = YES;
				CLANG_WARN_COMMA = YES;
				CLANG_WARN_CONSTANT_CONVERSION = YES;
				CLANG_WARN_DEPRECATED_OBJC_IMPLEMENTATIONS = YES;
				CLANG_WARN_DIRECT_OBJC_ISA_USAGE = YES_ERROR;
				CLANG_WARN_DOCUMENTATION_COMMENTS = YES;
				CLANG_WARN_EMPTY_BODY = YES;
				CLANG_WARN_ENUM_CONVERSION = YES;
				CLANG_WARN_INFINITE_RECURSION = YES;
				CLANG_WARN_INT_CONVERSION = YES;
				CLANG_WARN_NON_LITERAL_NULL_CONVERSION = YES;
				CLANG_WARN_OBJC_IMPLICIT_RETAIN_SELF = YES;
				CLANG_WARN_OBJC_LITERAL_CONVERSION = YES;
				CLANG_WARN_OBJC_ROOT_CLASS = YES_ERROR;
				CLANG_WARN_QUOTED_INCLUDE_IN_FRAMEWORK_HEADER = YES;
				CLANG_WARN_RANGE_LOOP_ANALYSIS = YES;
				CLANG_WARN_STRICT_PROTOTYPES = YES;
				CLANG_WARN_SUSPICIOUS_MOVE = YES;
				CLANG_WARN_UNGUARDED_AVAILABILITY = YES_AGGRESSIVE;
				CLANG_WARN_UNREACHABLE_CODE = YES;
				CLANG_WARN__DUPLICATE_METHOD_MATCH = YES;
				COPY_PHASE_STRIP = NO;
				DEBUG_INFORMATION_FORMAT = dwarf;
				ENABLE_STRICT_OBJC_MSGSEND = YES;
				ENABLE_TESTABILITY = YES;
				GCC_C_LANGUAGE_STANDARD = gnu11;
				GCC_DYNAMIC_NO_PIC = NO;
				GCC_NO_COMMON_BLOCKS = YES;
				GCC_OPTIMIZATION_LEVEL = 0;
				GCC_PREPROCESSOR_DEFINITIONS = (
					"DEBUG=1",
					"$(inherited)",
				);
				GCC_WARN_64_TO_32_BIT_CONVERSION = YES;
				GCC_WARN_ABOUT_RETURN_TYPE = YES_ERROR;
				GCC_WARN_UNDECLARED_SELECTOR = YES;
				GCC_WARN_UNINITIALIZED_AUTOS = YES_AGGRESSIVE;
				GCC_WARN_UNUSED_FUNCTION = YES;
				GCC_WARN_UNUSED_VARIABLE = YES;
				IPHONEOS_DEPLOYMENT_TARGET = 14.3;
				MTL_ENABLE_DEBUG_INFO = INCLUDE_SOURCE;
				MTL_FAST_MATH = YES;
				ONLY_ACTIVE_ARCH = YES;
				SDKROOT = iphoneos;
				SWIFT_ACTIVE_COMPILATION_CONDITIONS = DEBUG;
				SWIFT_OPTIMIZATION_LEVEL = "-Onone";
			};
			name = Debug;
		};
		56DCAA372689BB9E0056155A /* Release */ = {
			isa = XCBuildConfiguration;
			buildSettings = {
				ALWAYS_SEARCH_USER_PATHS = NO;
				CLANG_ANALYZER_NONNULL = YES;
				CLANG_ANALYZER_NUMBER_OBJECT_CONVERSION = YES_AGGRESSIVE;
				CLANG_CXX_LANGUAGE_STANDARD = "gnu++14";
				CLANG_CXX_LIBRARY = "libc++";
				CLANG_ENABLE_MODULES = YES;
				CLANG_ENABLE_OBJC_ARC = YES;
				CLANG_ENABLE_OBJC_WEAK = YES;
				CLANG_WARN_BLOCK_CAPTURE_AUTORELEASING = YES;
				CLANG_WARN_BOOL_CONVERSION = YES;
				CLANG_WARN_COMMA = YES;
				CLANG_WARN_CONSTANT_CONVERSION = YES;
				CLANG_WARN_DEPRECATED_OBJC_IMPLEMENTATIONS = YES;
				CLANG_WARN_DIRECT_OBJC_ISA_USAGE = YES_ERROR;
				CLANG_WARN_DOCUMENTATION_COMMENTS = YES;
				CLANG_WARN_EMPTY_BODY = YES;
				CLANG_WARN_ENUM_CONVERSION = YES;
				CLANG_WARN_INFINITE_RECURSION = YES;
				CLANG_WARN_INT_CONVERSION = YES;
				CLANG_WARN_NON_LITERAL_NULL_CONVERSION = YES;
				CLANG_WARN_OBJC_IMPLICIT_RETAIN_SELF = YES;
				CLANG_WARN_OBJC_LITERAL_CONVERSION = YES;
				CLANG_WARN_OBJC_ROOT_CLASS = YES_ERROR;
				CLANG_WARN_QUOTED_INCLUDE_IN_FRAMEWORK_HEADER = YES;
				CLANG_WARN_RANGE_LOOP_ANALYSIS = YES;
				CLANG_WARN_STRICT_PROTOTYPES = YES;
				CLANG_WARN_SUSPICIOUS_MOVE = YES;
				CLANG_WARN_UNGUARDED_AVAILABILITY = YES_AGGRESSIVE;
				CLANG_WARN_UNREACHABLE_CODE = YES;
				CLANG_WARN__DUPLICATE_METHOD_MATCH = YES;
				COPY_PHASE_STRIP = NO;
				DEBUG_INFORMATION_FORMAT = "dwarf-with-dsym";
				ENABLE_NS_ASSERTIONS = NO;
				ENABLE_STRICT_OBJC_MSGSEND = YES;
				GCC_C_LANGUAGE_STANDARD = gnu11;
				GCC_NO_COMMON_BLOCKS = YES;
				GCC_WARN_64_TO_32_BIT_CONVERSION = YES;
				GCC_WARN_ABOUT_RETURN_TYPE = YES_ERROR;
				GCC_WARN_UNDECLARED_SELECTOR = YES;
				GCC_WARN_UNINITIALIZED_AUTOS = YES_AGGRESSIVE;
				GCC_WARN_UNUSED_FUNCTION = YES;
				GCC_WARN_UNUSED_VARIABLE = YES;
				IPHONEOS_DEPLOYMENT_TARGET = 14.3;
				MTL_ENABLE_DEBUG_INFO = NO;
				MTL_FAST_MATH = YES;
				SDKROOT = iphoneos;
				SWIFT_COMPILATION_MODE = wholemodule;
				SWIFT_OPTIMIZATION_LEVEL = "-O";
				VALIDATE_PRODUCT = YES;
			};
			name = Release;
		};
		56DCAA392689BB9E0056155A /* Debug */ = {
			isa = XCBuildConfiguration;
			baseConfigurationReference = AE04EE8E2CC2D99FF8A949C4 /* Pods-Journey.debug.xcconfig */;
			buildSettings = {
				ASSETCATALOG_COMPILER_APPICON_NAME = AppIcon;
				ASSETCATALOG_COMPILER_GLOBAL_ACCENT_COLOR_NAME = AccentColor;
				CODE_SIGN_ENTITLEMENTS = Journey/Journey.entitlements;
				CODE_SIGN_IDENTITY = "Apple Development";
				CODE_SIGN_STYLE = Automatic;
				DEVELOPMENT_TEAM = 4QG3GC35LA;
				INFOPLIST_FILE = Journey/Resources/Info.plist;
				LD_RUNPATH_SEARCH_PATHS = (
					"$(inherited)",
					"@executable_path/Frameworks",
				);
				MARKETING_VERSION = 1.0.0;
				PRODUCT_BUNDLE_IDENTIFIER = com.choyi.Journey;
				PRODUCT_NAME = "$(TARGET_NAME)";
				PROVISIONING_PROFILE_SPECIFIER = "";
				SWIFT_VERSION = 5.0;
				TARGETED_DEVICE_FAMILY = "1,2";
			};
			name = Debug;
		};
		56DCAA3A2689BB9E0056155A /* Release */ = {
			isa = XCBuildConfiguration;
			baseConfigurationReference = 7E48B7936113F659E5F3BD09 /* Pods-Journey.release.xcconfig */;
			buildSettings = {
				ASSETCATALOG_COMPILER_APPICON_NAME = AppIcon;
				ASSETCATALOG_COMPILER_GLOBAL_ACCENT_COLOR_NAME = AccentColor;
				CODE_SIGN_ENTITLEMENTS = Journey/Journey.entitlements;
				CODE_SIGN_IDENTITY = "Apple Development";
				CODE_SIGN_STYLE = Automatic;
				DEVELOPMENT_TEAM = 4QG3GC35LA;
				INFOPLIST_FILE = Journey/Resources/Info.plist;
				LD_RUNPATH_SEARCH_PATHS = (
					"$(inherited)",
					"@executable_path/Frameworks",
				);
				MARKETING_VERSION = 1.0.0;
				PRODUCT_BUNDLE_IDENTIFIER = com.choyi.Journey;
				PRODUCT_NAME = "$(TARGET_NAME)";
				PROVISIONING_PROFILE_SPECIFIER = "";
				SWIFT_VERSION = 5.0;
				TARGETED_DEVICE_FAMILY = "1,2";
			};
			name = Release;
		};
/* End XCBuildConfiguration section */

/* Begin XCConfigurationList section */
		56DCAA1F2689BB9B0056155A /* Build configuration list for PBXProject "Journey" */ = {
			isa = XCConfigurationList;
			buildConfigurations = (
				56DCAA362689BB9E0056155A /* Debug */,
				56DCAA372689BB9E0056155A /* Release */,
			);
			defaultConfigurationIsVisible = 0;
			defaultConfigurationName = Release;
		};
		56DCAA382689BB9E0056155A /* Build configuration list for PBXNativeTarget "Journey" */ = {
			isa = XCConfigurationList;
			buildConfigurations = (
				56DCAA392689BB9E0056155A /* Debug */,
				56DCAA3A2689BB9E0056155A /* Release */,
			);
			defaultConfigurationIsVisible = 0;
			defaultConfigurationName = Release;
		};
/* End XCConfigurationList section */
	};
	rootObject = 56DCAA1C2689BB9B0056155A /* Project object */;
}
